
Microsoft Visual Studio Solution File, Format Version 12.00
# Visual Studio Version 17
VisualStudioVersion = 17.10.35122.118
MinimumVisualStudioVersion = 10.0.40219.1
Project("{FAE04EC0-301F-11D3-BF4B-00C04F79EFBC}") = "mvc01", "mvc01\mvc01.csproj", "{27145C49-BFE4-48B5-ADD7-B0151A970A16}"
EndProject
Global
	GlobalSection(SolutionConfigurationPlatforms) = preSolution
		Debug|Any CPU = Debug|Any CPU
		Release|Any CPU = Release|Any CPU
	EndGlobalSection
	GlobalSection(ProjectConfigurationPlatforms) = postSolution
		{27145C49-BFE4-48B5-ADD7-B0151A970A16}.Debug|Any CPU.ActiveCfg = Debug|Any CPU
		{27145C49-BFE4-48B5-ADD7-B0151A970A16}.Debug|Any CPU.Build.0 = Debug|Any CPU
		{27145C49-BFE4-48B5-ADD7-B0151A970A16}.Release|Any CPU.ActiveCfg = Release|Any CPU
		{27145C49-BFE4-48B5-ADD7-B0151A970A16}.Release|Any CPU.Build.0 = Release|Any CPU
	EndGlobalSection
	GlobalSection(SolutionProperties) = preSolution
		HideSolutionNode = FALSE
	EndGlobalSection
	GlobalSection(ExtensibilityGlobals) = postSolution
		SolutionGuid = {AF3204D8-0044-4C53-914D-0F2940B6CD8B}
	EndGlobalSection
EndGlobal
